
Microsoft Visual Studio Solution File, Format Version 12.00
# Visual Studio Version 17
VisualStudioVersion = 17.12.35527.113
MinimumVisualStudioVersion = 10.0.40219.1
Project("{9A19103F-16F7-4668-BE54-9A1E7A4F7556}") = "learning", "learning\learning.csproj", "{C050C1C8-9576-4092-AB34-529EACAEB4BF}"
EndProject
Global
	GlobalSection(SolutionConfigurationPlatforms) = preSolution
		Debug|Any CPU = Debug|Any CPU
		Release|Any CPU = Release|Any CPU
	EndGlobalSection
	GlobalSection(ProjectConfigurationPlatforms) = postSolution
		{C050C1C8-9576-4092-AB34-529EACAEB4BF}.Debug|Any CPU.ActiveCfg = Debug|Any CPU
		{C050C1C8-9576-4092-AB34-529EACAEB4BF}.Debug|Any CPU.Build.0 = Debug|Any CPU
		{C050C1C8-9576-4092-AB34-529EACAEB4BF}.Release|Any CPU.ActiveCfg = Release|Any CPU
		{C050C1C8-9576-4092-AB34-529EACAEB4BF}.Release|Any CPU.Build.0 = Release|Any CPU
	EndGlobalSection
	GlobalSection(SolutionProperties) = preSolution
		HideSolutionNode = FALSE
	EndGlobalSection
	GlobalSection(ExtensibilityGlobals) = postSolution
		SolutionGuid = {CBF151B9-D734-4D5A-8D7B-41025305C449}
	EndGlobalSection
EndGlobal
